
Microsoft Visual Studio Solution File, Format Version 12.00
# Visual Studio 2012
Project("{FAE04EC0-301F-11D3-BF4B-00C04F79EFBC}") = "Çevirmen", "WindowsFormsApplication10\Çevirmen.csproj", "{83D55D8E-D71F-4B24-AA04-8F492894482D}"
EndProject
Global
	GlobalSection(SolutionConfigurationPlatforms) = preSolution
		Debug|Any CPU = Debug|Any CPU
		Release|Any CPU = Release|Any CPU
	EndGlobalSection
	GlobalSection(ProjectConfigurationPlatforms) = postSolution
		{83D55D8E-D71F-4B24-AA04-8F492894482D}.Debug|Any CPU.ActiveCfg = Debug|Any CPU
		{83D55D8E-D71F-4B24-AA04-8F492894482D}.Debug|Any CPU.Build.0 = Debug|Any CPU
		{83D55D8E-D71F-4B24-AA04-8F492894482D}.Release|Any CPU.ActiveCfg = Release|Any CPU
		{83D55D8E-D71F-4B24-AA04-8F492894482D}.Release|Any CPU.Build.0 = Release|Any CPU
	EndGlobalSection
	GlobalSection(SolutionProperties) = preSolution
		HideSolutionNode = FALSE
	EndGlobalSection
EndGlobal
